{
  "name": "Marble",
  "lockfileVersion": 3,
  "requires": true,
  "packages": {
    "": {
      "dependencies": {
        "tauri-plugin-keyring-api": "^0.1.1"
      }
    },
    "node_modules/@tauri-apps/api": {
      "version": "2.11.0",
      "resolved": "https://registry.npmjs.org/@tauri-apps/api/-/api-2.11.0.tgz",
      "integrity": "sha512-7CinYODhky9lmO23xHnUFv0Xt43fbtWMyxZcLcRBlFkcgXKuEirBvHpmtJ89YMhyeGcq20Wuc47Fa4XjyniywA==",
      "license": "Apache-2.0 OR MIT",
      "funding": {
        "type": "opencollective",
        "url": "https://opencollective.com/tauri"
      }
    },
    "node_modules/tauri-plugin-keyring-api": {
      "version": "0.1.1",
      "resolved": "https://registry.npmjs.org/tauri-plugin-keyring-api/-/tauri-plugin-keyring-api-0.1.1.tgz",
      "integrity": "sha512-vs1ztf6REJPfvUDBY3VgNHiW+xBHvBtMf3ZQIJKB8UCWdb2bLFoDS+BjUHe58deCPGTInCh+SEtd69pZvV/b4w==",
      "license": "MIT",
      "dependencies": {
        "@tauri-apps/api": ">=2.1.1"
      }
    }
  }
}
